
Microsoft Visual Studio Solution File, Format Version 12.00
# Visual Studio Version 17
VisualStudioVersion = 17.11.35303.130
MinimumVisualStudioVersion = 10.0.40219.1
Project("{FAE04EC0-301F-11D3-BF4B-00C04F79EFBC}") = "LielWebProject", "LielWebProject\LielWebProject.csproj", "{696E5B16-ABC0-4F76-8F45-B6E518CB70BF}"
EndProject
Global
	GlobalSection(SolutionConfigurationPlatforms) = preSolution
		Debug|Any CPU = Debug|Any CPU
		Release|Any CPU = Release|Any CPU
	EndGlobalSection
	GlobalSection(ProjectConfigurationPlatforms) = postSolution
		{696E5B16-ABC0-4F76-8F45-B6E518CB70BF}.Debug|Any CPU.ActiveCfg = Debug|Any CPU
		{696E5B16-ABC0-4F76-8F45-B6E518CB70BF}.Debug|Any CPU.Build.0 = Debug|Any CPU
		{696E5B16-ABC0-4F76-8F45-B6E518CB70BF}.Release|Any CPU.ActiveCfg = Release|Any CPU
		{696E5B16-ABC0-4F76-8F45-B6E518CB70BF}.Release|Any CPU.Build.0 = Release|Any CPU
	EndGlobalSection
	GlobalSection(SolutionProperties) = preSolution
		HideSolutionNode = FALSE
	EndGlobalSection
	GlobalSection(ExtensibilityGlobals) = postSolution
		SolutionGuid = {A2DAF3CC-ED67-4697-B13F-E4966C77E022}
	EndGlobalSection
EndGlobal
